{
  "originHash" : "eb6d44461edfa318c7714318cbf366fdaa85477ce7d75eb7670439f78984597b",
  "pins" : [
    {
      "identity" : "sublimation",
      "kind" : "remoteSourceControl",
      "location" : "https://github.com/brightdigit/Sublimation.git",
      "state" : {
        "branch" : "remove-logging",
        "revision" : "e0cc324217645e3182bfce341d77520d7ea0e468"
      }
    },
    {
      "identity" : "swift-protobuf",
      "kind" : "remoteSourceControl",
      "location" : "https://github.com/apple/swift-protobuf.git",
      "state" : {
        "revision" : "ebc7251dd5b37f627c93698e4374084d98409633",
        "version" : "1.28.2"
      }
    }
  ],
  "version" : 3
}
